
Microsoft Visual Studio Solution File, Format Version 12.00
# Visual Studio 15
VisualStudioVersion = 15.0.27703.2035
MinimumVisualStudioVersion = 10.0.40219.1
Project("{9A19103F-16F7-4668-BE54-9A1E7A4F7556}") = "Wiki.Server", "Wiki.Server\Wiki.Server.csproj", "{E6351FE3-9E95-4709-831A-14795D7D7EF3}"
EndProject
Project("{9A19103F-16F7-4668-BE54-9A1E7A4F7556}") = "Wiki.Client", "Wiki.Client\Wiki.Client.csproj", "{676F6E2E-B4A0-4842-B608-BC1D98002807}"
EndProject
Project("{9A19103F-16F7-4668-BE54-9A1E7A4F7556}") = "Wiki.Shared", "Wiki.Shared\Wiki.Shared.csproj", "{F2D9BF36-1A81-4183-84EB-5E2BA48778BB}"
EndProject
Project("{E53339B2-1760-4266-BCC7-CA923CBCF16C}") = "docker-compose", "docker-compose.dcproj", "{74B7609D-E22B-4FA6-BD49-3BCC55D2C6B5}"
EndProject
Global
	GlobalSection(SolutionConfigurationPlatforms) = preSolution
		Debug|Any CPU = Debug|Any CPU
		Release|Any CPU = Release|Any CPU
	EndGlobalSection
	GlobalSection(ProjectConfigurationPlatforms) = postSolution
		{E6351FE3-9E95-4709-831A-14795D7D7EF3}.Debug|Any CPU.ActiveCfg = Debug|Any CPU
		{E6351FE3-9E95-4709-831A-14795D7D7EF3}.Debug|Any CPU.Build.0 = Debug|Any CPU
		{E6351FE3-9E95-4709-831A-14795D7D7EF3}.Release|Any CPU.ActiveCfg = Release|Any CPU
		{E6351FE3-9E95-4709-831A-14795D7D7EF3}.Release|Any CPU.Build.0 = Release|Any CPU
		{676F6E2E-B4A0-4842-B608-BC1D98002807}.Debug|Any CPU.ActiveCfg = Debug|Any CPU
		{676F6E2E-B4A0-4842-B608-BC1D98002807}.Debug|Any CPU.Build.0 = Debug|Any CPU
		{676F6E2E-B4A0-4842-B608-BC1D98002807}.Release|Any CPU.ActiveCfg = Release|Any CPU
		{676F6E2E-B4A0-4842-B608-BC1D98002807}.Release|Any CPU.Build.0 = Release|Any CPU
		{F2D9BF36-1A81-4183-84EB-5E2BA48778BB}.Debug|Any CPU.ActiveCfg = Debug|Any CPU
		{F2D9BF36-1A81-4183-84EB-5E2BA48778BB}.Debug|Any CPU.Build.0 = Debug|Any CPU
		{F2D9BF36-1A81-4183-84EB-5E2BA48778BB}.Release|Any CPU.ActiveCfg = Release|Any CPU
		{F2D9BF36-1A81-4183-84EB-5E2BA48778BB}.Release|Any CPU.Build.0 = Release|Any CPU
		{74B7609D-E22B-4FA6-BD49-3BCC55D2C6B5}.Debug|Any CPU.ActiveCfg = Debug|Any CPU
		{74B7609D-E22B-4FA6-BD49-3BCC55D2C6B5}.Debug|Any CPU.Build.0 = Debug|Any CPU
		{74B7609D-E22B-4FA6-BD49-3BCC55D2C6B5}.Release|Any CPU.ActiveCfg = Release|Any CPU
		{74B7609D-E22B-4FA6-BD49-3BCC55D2C6B5}.Release|Any CPU.Build.0 = Release|Any CPU
	EndGlobalSection
	GlobalSection(SolutionProperties) = preSolution
		HideSolutionNode = FALSE
	EndGlobalSection
	GlobalSection(ExtensibilityGlobals) = postSolution
		SolutionGuid = {598547BB-8DAF-45E7-9164-8B8D94BF4D70}
	EndGlobalSection
EndGlobal
